// !$*UTF8*$!
{
	archiveVersion = 1;
	classes = {
	};
	objectVersion = 77;
	objects = {

/* Begin PBXContainerItemProxy section */
		FA5FE1162E756609005A712A /* PBXContainerItemProxy */ = {
			isa = PBXContainerItemProxy;
			containerPortal = FA5FE0FB2E756608005A712A /* Project object */;
			proxyType = 1;
			remoteGlobalIDString = FA5FE1022E756608005A712A;
			remoteInfo = "Getting Started with Xcode";
		};
		FA5FE1202E756609005A712A /* PBXContainerItemProxy */ = {
			isa = PBXContainerItemProxy;
			containerPortal = FA5FE0FB2E756608005A712A /* Project object */;
			proxyType = 1;
			remoteGlobalIDString = FA5FE1022E756608005A712A;
			remoteInfo = "Getting Started with Xcode";
		};
/* End PBXContainerItemProxy section */

/* Begin PBXFileReference section */
		FA5FE1032E756608005A712A /* Getting Started with Xcode.app */ = {isa = PBXFileReference; explicitFileType = wrapper.application; includeInIndex = 0; path = "Getting Started with Xcode.app"; sourceTree = BUILT_PRODUCTS_DIR; };
		FA5FE1152E756609005A712A /* Getting Started with XcodeTests.xctest */ = {isa = PBXFileReference; explicitFileType = wrapper.cfbundle; includeInIndex = 0; path = "Getting Started with XcodeTests.xctest"; sourceTree = BUILT_PRODUCTS_DIR; };
		FA5FE11F2E756609005A712A /* Getting Started with XcodeUITests.xctest */ = {isa = PBXFileReference; explicitFileType = wrapper.cfbundle; includeInIndex = 0; path = "Getting Started with XcodeUITests.xctest"; sourceTree = BUILT_PRODUCTS_DIR; };
/* End PBXFileReference section */

/* Begin PBXFileSystemSynchronizedRootGroup section */
		FA5FE1052E756608005A712A /* Getting Started with Xcode */ = {
			isa = PBXFileSystemSynchronizedRootGroup;
			path = "Getting Started with Xcode";
			sourceTree = "<group>";
		};
		FA5FE1182E756609005A712A /* Getting Started with XcodeTests */ = {
			isa = PBXFileSystemSynchronizedRootGroup;
			path = "Getting Started with XcodeTests";
			sourceTree = "<group>";
		};
		FA5FE1222E756609005A712A /* Getting Started with XcodeUITests */ = {
			isa = PBXFileSystemSynchronizedRootGroup;
			path = "Getting Started with XcodeUITests";
			sourceTree = "<group>";
		};
/* End PBXFileSystemSynchronizedRootGroup section */

/* Begin PBXFrameworksBuildPhase section */
		FA5FE1002E756608005A712A /* Frameworks */ = {
			isa = PBXFrameworksBuildPhase;
			buildActionMask = 2147483647;
			files = (
			);
			runOnlyForDeploymentPostprocessing = 0;
		};
		FA5FE1122E756609005A712A /* Frameworks */ = {
			isa = PBXFrameworksBuildPhase;
			buildActionMask = 2147483647;
			files = (
			);
			runOnlyForDeploymentPostprocessing = 0;
		};
		FA5FE11C2E756609005A712A /* Frameworks */ = {
			isa = PBXFrameworksBuildPhase;
			buildActionMask = 2147483647;
			files = (
			);
			runOnlyForDeploymentPostprocessing = 0;
		};
/* End PBXFrameworksBuildPhase section */

/* Begin PBXGroup section */
		FA5FE0FA2E756608005A712A = {
			isa = PBXGroup;
			children = (
				FA5FE1052E756608005A712A /* Getting Started with Xcode */,
				FA5FE1182E756609005A712A /* Getting Started with XcodeTests */,
				FA5FE1222E756609005A712A /* Getting Started with XcodeUITests */,
				FA5FE1042E756608005A712A /* Products */,
			);
			sourceTree = "<group>";
		};
		FA5FE1042E756608005A712A /* Products */ = {
			isa = PBXGroup;
			children = (
				FA5FE1032E756608005A712A /* Getting Started with Xcode.app */,
				FA5FE1152E756609005A712A /* Getting Started with XcodeTests.xctest */,
				FA5FE11F2E756609005A712A /* Getting Started with XcodeUITests.xctest */,
			);
			name = Products;
			sourceTree = "<group>";
		};
/* End PBXGroup section */

/* Begin PBXNativeTarget section */
		FA5FE1022E756608005A712A /* Getting Started with Xcode */ = {
			isa = PBXNativeTarget;
			buildConfigurationList = FA5FE1292E756609005A712A /* Build configuration list for PBXNativeTarget "Getting Started with Xcode" */;
			buildPhases = (
				FA5FE0FF2E756608005A712A /* Sources */,
				FA5FE1002E756608005A712A /* Frameworks */,
				FA5FE1012E756608005A712A /* Resources */,
			);
			buildRules = (
			);
			dependencies = (
			);
			fileSystemSynchronizedGroups = (
				FA5FE1052E756608005A712A /* Getting Started with Xcode */,
			);
			name = "Getting Started with Xcode";
			packageProductDependencies = (
			);
			productName = "Getting Started with Xcode";
			productReference = FA5FE1032E756608005A712A /* Getting Started with Xcode.app */;
			productType = "com.apple.product-type.application";
		};
		FA5FE1142E756609005A712A /* Getting Started with XcodeTests */ = {
			isa = PBXNativeTarget;
			buildConfigurationList = FA5FE12C2E756609005A712A /* Build configuration list for PBXNativeTarget "Getting Started with XcodeTests" */;
			buildPhases = (
				FA5FE1112E756609005A712A /* Sources */,
				FA5FE1122E756609005A712A /* Frameworks */,
				FA5FE1132E756609005A712A /* Resources */,
			);
			buildRules = (
			);
			dependencies = (
				FA5FE1172E756609005A712A /* PBXTargetDependency */,
			);
			fileSystemSynchronizedGroups = (
				FA5FE1182E756609005A712A /* Getting Started with XcodeTests */,
			);
			name = "Getting Started with XcodeTests";
			packageProductDependencies = (
			);
			productName = "Getting Started with XcodeTests";
			productReference = FA5FE1152E756609005A712A /* Getting Started with XcodeTests.xctest */;
			productType = "com.apple.product-type.bundle.unit-test";
		};
		FA5FE11E2E756609005A712A /* Getting Started with XcodeUITests */ = {
			isa = PBXNativeTarget;
			buildConfigurationList = FA5FE12F2E756609005A712A /* Build configuration list for PBXNativeTarget "Getting Started with XcodeUITests" */;
			buildPhases = (
				FA5FE11B2E756609005A712A /* Sources */,
				FA5FE11C2E756609005A712A /* Frameworks */,
				FA5FE11D2E756609005A712A /* Resources */,
			);
			buildRules = (
			);
			dependencies = (
				FA5FE1212E756609005A712A /* PBXTargetDependency */,
			);
			fileSystemSynchronizedGroups = (
				FA5FE1222E756609005A712A /* Getting Started with XcodeUITests */,
			);
			name = "Getting Started with XcodeUITests";
			packageProductDependencies = (
			);
			productName = "Getting Started with XcodeUITests";
			productReference = FA5FE11F2E756609005A712A /* Getting Started with XcodeUITests.xctest */;
			productType = "com.apple.product-type.bundle.ui-testing";
		};
/* End PBXNativeTarget section */

/* Begin PBXProject section */
		FA5FE0FB2E756608005A712A /* Project object */ = {
			isa = PBXProject;
			attributes = {
				BuildIndependentTargetsInParallel = 1;
				LastSwiftUpdateCheck = 1640;
				LastUpgradeCheck = 1640;
				TargetAttributes = {
					FA5FE1022E756608005A712A = {
						CreatedOnToolsVersion = 16.4;
					};
					FA5FE1142E756609005A712A = {
						CreatedOnToolsVersion = 16.4;
						TestTargetID = FA5FE1022E756608005A712A;
					};
					FA5FE11E2E756609005A712A = {
						CreatedOnToolsVersion = 16.4;
						TestTargetID = FA5FE1022E756608005A712A;
					};
				};
			};
			buildConfigurationList = FA5FE0FE2E756608005A712A /* Build configuration list for PBXProject "Getting Started with Xcode" */;
			developmentRegion = en;
			hasScannedForEncodings = 0;
			knownRegions = (
				en,
				Base,
			);
			mainGroup = FA5FE0FA2E756608005A712A;
			minimizedProjectReferenceProxies = 1;
			preferredProjectObjectVersion = 77;
			productRefGroup = FA5FE1042E756608005A712A /* Products */;
			projectDirPath = "";
			projectRoot = "";
			targets = (
				FA5FE1022E756608005A712A /* Getting Started with Xcode */,
				FA5FE1142E756609005A712A /* Getting Started with XcodeTests */,
				FA5FE11E2E756609005A712A /* Getting Started with XcodeUITests */,
			);
		};
/* End PBXProject section */

/* Begin PBXResourcesBuildPhase section */
		FA5FE1012E756608005A712A /* Resources */ = {
			isa = PBXResourcesBuildPhase;
			buildActionMask = 2147483647;
			files = (
			);
			runOnlyForDeploymentPostprocessing = 0;
		};
		FA5FE1132E756609005A712A /* Resources */ = {
			isa = PBXResourcesBuildPhase;
			buildActionMask = 2147483647;
			files = (
			);
			runOnlyForDeploymentPostprocessing = 0;
		};
		FA5FE11D2E756609005A712A /* Resources */ = {
			isa = PBXResourcesBuildPhase;
			buildActionMask = 2147483647;
			files = (
			);
			runOnlyForDeploymentPostprocessing = 0;
		};
/* End PBXResourcesBuildPhase section */

/* Begin PBXSourcesBuildPhase section */
		FA5FE0FF2E756608005A712A /* Sources */ = {
			isa = PBXSourcesBuildPhase;
			buildActionMask = 2147483647;
			files = (
			);
			runOnlyForDeploymentPostprocessing = 0;
		};
		FA5FE1112E756609005A712A /* Sources */ = {
			isa = PBXSourcesBuildPhase;
			buildActionMask = 2147483647;
			files = (
			);
			runOnlyForDeploymentPostprocessing = 0;
		};
		FA5FE11B2E756609005A712A /* Sources */ = {
			isa = PBXSourcesBuildPhase;
			buildActionMask = 2147483647;
			files = (
			);
			runOnlyForDeploymentPostprocessing = 0;
		};
/* End PBXSourcesBuildPhase section */

/* Begin PBXTargetDependency section */
		FA5FE1172E756609005A712A /* PBXTargetDependency */ = {
			isa = PBXTargetDependency;
			target = FA5FE1022E756608005A712A /* Getting Started with Xcode */;
			targetProxy = FA5FE1162E756609005A712A /* PBXContainerItemProxy */;
		};
		FA5FE1212E756609005A712A /* PBXTargetDependency */ = {
			isa = PBXTargetDependency;
			target = FA5FE1022E756608005A712A /* Getting Started with Xcode */;
			targetProxy = FA5FE1202E756609005A712A /* PBXContainerItemProxy */;
		};
/* End PBXTargetDependency section */

/* Begin XCBuildConfiguration section */
		FA5FE1272E756609005A712A /* Debug */ = {
			isa = XCBuildConfiguration;
			buildSettings = {
				ALWAYS_SEARCH_USER_PATHS = NO;
				ASSETCATALOG_COMPILER_GENERATE_SWIFT_ASSET_SYMBOL_EXTENSIONS = YES;
				CLANG_ANALYZER_NONNULL = YES;
				CLANG_ANALYZER_NUMBER_OBJECT_CONVERSION = YES_AGGRESSIVE;
				CLANG_CXX_LANGUAGE_STANDARD = "gnu++20";
				CLANG_ENABLE_MODULES = YES;
				CLANG_ENABLE_OBJC_ARC = YES;
				CLANG_ENABLE_OBJC_WEAK = YES;
				CLANG_WARN_BLOCK_CAPTURE_AUTORELEASING = YES;
				CLANG_WARN_BOOL_CONVERSION = YES;
				CLANG_WARN_COMMA = YES;
				CLANG_WARN_CONSTANT_CONVERSION = YES;
				CLANG_WARN_DEPRECATED_OBJC_IMPLEMENTATIONS = YES;
				CLANG_WARN_DIRECT_OBJC_ISA_USAGE = YES_ERROR;
				CLANG_WARN_DOCUMENTATION_COMMENTS = YES;
				CLANG_WARN_EMPTY_BODY = YES;
				CLANG_WARN_ENUM_CONVERSION = YES;
				CLANG_WARN_INFINITE_RECURSION = YES;
				CLANG_WARN_INT_CONVERSION = YES;
				CLANG_WARN_NON_LITERAL_NULL_CONVERSION = YES;
				CLANG_WARN_OBJC_IMPLICIT_RETAIN_SELF = YES;
				CLANG_WARN_OBJC_LITERAL_CONVERSION = YES;
				CLANG_WARN_OBJC_ROOT_CLASS = YES_ERROR;
				CLANG_WARN_QUOTED_INCLUDE_IN_FRAMEWORK_HEADER = YES;
				CLANG_WARN_RANGE_LOOP_ANALYSIS = YES;
				CLANG_WARN_STRICT_PROTOTYPES = YES;
				CLANG_WARN_SUSPICIOUS_MOVE = YES;
				CLANG_WARN_UNGUARDED_AVAILABILITY = YES_AGGRESSIVE;
				CLANG_WARN_UNREACHABLE_CODE = YES;
				CLANG_WARN__DUPLICATE_METHOD_MATCH = YES;
				COPY_PHASE_STRIP = NO;
				DEBUG_INFORMATION_FORMAT = dwarf;
				DEVELOPMENT_TEAM = RD5NB6MV2F;
				ENABLE_STRICT_OBJC_MSGSEND = YES;
				ENABLE_TESTABILITY = YES;
				ENABLE_USER_SCRIPT_SANDBOXING = YES;
				GCC_C_LANGUAGE_STANDARD = gnu17;
				GCC_DYNAMIC_NO_PIC = NO;
				GCC_NO_COMMON_BLOCKS = YES;
				GCC_OPTIMIZATION_LEVEL = 0;
				GCC_PREPROCESSOR_DEFINITIONS = (
					"DEBUG=1",
					"$(inherited)",
				);
				GCC_WARN_64_TO_32_BIT_CONVERSION = YES;
				GCC_WARN_ABOUT_RETURN_TYPE = YES_ERROR;
				GCC_WARN_UNDECLARED_SELECTOR = YES;
				GCC_WARN_UNINITIALIZED_AUTOS = YES_AGGRESSIVE;
				GCC_WARN_UNUSED_FUNCTION = YES;
				GCC_WARN_UNUSED_VARIABLE = YES;
				IPHONEOS_DEPLOYMENT_TARGET = 18.5;
				LOCALIZATION_PREFERS_STRING_CATALOGS = YES;
				MTL_ENABLE_DEBUG_INFO = INCLUDE_SOURCE;
				MTL_FAST_MATH = YES;
				ONLY_ACTIVE_ARCH = YES;
				SDKROOT = iphoneos;
				SWIFT_ACTIVE_COMPILATION_CONDITIONS = "DEBUG $(inherited)";
				SWIFT_OPTIMIZATION_LEVEL = "-Onone";
			};
			name = Debug;
		};
		FA5FE1282E756609005A712A /* Release */ = {
			isa = XCBuildConfiguration;
			buildSettings = {
				ALWAYS_SEARCH_USER_PATHS = NO;
				ASSETCATALOG_COMPILER_GENERATE_SWIFT_ASSET_SYMBOL_EXTENSIONS = YES;
				CLANG_ANALYZER_NONNULL = YES;
				CLANG_ANALYZER_NUMBER_OBJECT_CONVERSION = YES_AGGRESSIVE;
				CLANG_CXX_LANGUAGE_STANDARD = "gnu++20";
				CLANG_ENABLE_MODULES = YES;
				CLANG_ENABLE_OBJC_ARC = YES;
				CLANG_ENABLE_OBJC_WEAK = YES;
				CLANG_WARN_BLOCK_CAPTURE_AUTORELEASING = YES;
				CLANG_WARN_BOOL_CONVERSION = YES;
				CLANG_WARN_COMMA = YES;
				CLANG_WARN_CONSTANT_CONVERSION = YES;
				CLANG_WARN_DEPRECATED_OBJC_IMPLEMENTATIONS = YES;
				CLANG_WARN_DIRECT_OBJC_ISA_USAGE = YES_ERROR;
				CLANG_WARN_DOCUMENTATION_COMMENTS = YES;
				CLANG_WARN_EMPTY_BODY = YES;
				CLANG_WARN_ENUM_CONVERSION = YES;
				CLANG_WARN_INFINITE_RECURSION = YES;
				CLANG_WARN_INT_CONVERSION = YES;
				CLANG_WARN_NON_LITERAL_NULL_CONVERSION = YES;
				CLANG_WARN_OBJC_IMPLICIT_RETAIN_SELF = YES;
				CLANG_WARN_OBJC_LITERAL_CONVERSION = YES;
				CLANG_WARN_OBJC_ROOT_CLASS = YES_ERROR;
				CLANG_WARN_QUOTED_INCLUDE_IN_FRAMEWORK_HEADER = YES;
				CLANG_WARN_RANGE_LOOP_ANALYSIS = YES;
				CLANG_WARN_STRICT_PROTOTYPES = YES;
				CLANG_WARN_SUSPICIOUS_MOVE = YES;
				CLANG_WARN_UNGUARDED_AVAILABILITY = YES_AGGRESSIVE;
				CLANG_WARN_UNREACHABLE_CODE = YES;
				CLANG_WARN__DUPLICATE_METHOD_MATCH = YES;
				COPY_PHASE_STRIP = NO;
				DEBUG_INFORMATION_FORMAT = "dwarf-with-dsym";
				DEVELOPMENT_TEAM = RD5NB6MV2F;
				ENABLE_NS_ASSERTIONS = NO;
				ENABLE_STRICT_OBJC_MSGSEND = YES;
				ENABLE_USER_SCRIPT_SANDBOXING = YES;
				GCC_C_LANGUAGE_STANDARD = gnu17;
				GCC_NO_COMMON_BLOCKS = YES;
				GCC_WARN_64_TO_32_BIT_CONVERSION = YES;
				GCC_WARN_ABOUT_RETURN_TYPE = YES_ERROR;
				GCC_WARN_UNDECLARED_SELECTOR = YES;
				GCC_WARN_UNINITIALIZED_AUTOS = YES_AGGRESSIVE;
				GCC_WARN_UNUSED_FUNCTION = YES;
				GCC_WARN_UNUSED_VARIABLE = YES;
				IPHONEOS_DEPLOYMENT_TARGET = 18.5;
				LOCALIZATION_PREFERS_STRING_CATALOGS = YES;
				MTL_ENABLE_DEBUG_INFO = NO;
				MTL_FAST_MATH = YES;
				SDKROOT = iphoneos;
				SWIFT_COMPILATION_MODE = wholemodule;
				VALIDATE_PRODUCT = YES;
			};
			name = Release;
		};
		FA5FE12A2E756609005A712A /* Debug */ = {
			isa = XCBuildConfiguration;
			buildSettings = {
				ASSETCATALOG_COMPILER_APPICON_NAME = AppIcon;
				ASSETCATALOG_COMPILER_GLOBAL_ACCENT_COLOR_NAME = AccentColor;
				CODE_SIGN_STYLE = Automatic;
				CURRENT_PROJECT_VERSION = 1;
				DEVELOPMENT_TEAM = RD5NB6MV2F;
				ENABLE_PREVIEWS = YES;
				GENERATE_INFOPLIST_FILE = YES;
				INFOPLIST_KEY_UIApplicationSceneManifest_Generation = YES;
				INFOPLIST_KEY_UIApplicationSupportsIndirectInputEvents = YES;
				INFOPLIST_KEY_UILaunchScreen_Generation = YES;
				INFOPLIST_KEY_UISupportedInterfaceOrientations_iPad = "UIInterfaceOrientationPortrait UIInterfaceOrientationPortraitUpsideDown UIInterfaceOrientationLandscapeLeft UIInterfaceOrientationLandscapeRight";
				INFOPLIST_KEY_UISupportedInterfaceOrientations_iPhone = "UIInterfaceOrientationPortrait UIInterfaceOrientationLandscapeLeft UIInterfaceOrientationLandscapeRight";
				LD_RUNPATH_SEARCH_PATHS = (
					"$(inherited)",
					"@executable_path/Frameworks",
				);
				MARKETING_VERSION = 1.0;
				PRODUCT_BUNDLE_IDENTIFIER = "xyz.starstalker.Getting-Started-with-Xcode";
				PRODUCT_NAME = "$(TARGET_NAME)";
				SWIFT_EMIT_LOC_STRINGS = YES;
				SWIFT_VERSION = 5.0;
				TARGETED_DEVICE_FAMILY = "1,2";
			};
			name = Debug;
		};
		FA5FE12B2E756609005A712A /* Release */ = {
			isa = XCBuildConfiguration;
			buildSettings = {
				ASSETCATALOG_COMPILER_APPICON_NAME = AppIcon;
				ASSETCATALOG_COMPILER_GLOBAL_ACCENT_COLOR_NAME = AccentColor;
				CODE_SIGN_STYLE = Automatic;
				CURRENT_PROJECT_VERSION = 1;
				DEVELOPMENT_TEAM = RD5NB6MV2F;
				ENABLE_PREVIEWS = YES;
				GENERATE_INFOPLIST_FILE = YES;
				INFOPLIST_KEY_UIApplicationSceneManifest_Generation = YES;
				INFOPLIST_KEY_UIApplicationSupportsIndirectInputEvents = YES;
				INFOPLIST_KEY_UILaunchScreen_Generation = YES;
				INFOPLIST_KEY_UISupportedInterfaceOrientations_iPad = "UIInterfaceOrientationPortrait UIInterfaceOrientationPortraitUpsideDown UIInterfaceOrientationLandscapeLeft UIInterfaceOrientationLandscapeRight";
				INFOPLIST_KEY_UISupportedInterfaceOrientations_iPhone = "UIInterfaceOrientationPortrait UIInterfaceOrientationLandscapeLeft UIInterfaceOrientationLandscapeRight";
				LD_RUNPATH_SEARCH_PATHS = (
					"$(inherited)",
					"@executable_path/Frameworks",
				);
				MARKETING_VERSION = 1.0;
				PRODUCT_BUNDLE_IDENTIFIER = "xyz.starstalker.Getting-Started-with-Xcode";
				PRODUCT_NAME = "$(TARGET_NAME)";
				SWIFT_EMIT_LOC_STRINGS = YES;
				SWIFT_VERSION = 5.0;
				TARGETED_DEVICE_FAMILY = "1,2";
			};
			name = Release;
		};
		FA5FE12D2E756609005A712A /* Debug */ = {
			isa = XCBuildConfiguration;
			buildSettings = {
				BUNDLE_LOADER = "$(TEST_HOST)";
				CODE_SIGN_STYLE = Automatic;
				CURRENT_PROJECT_VERSION = 1;
				DEVELOPMENT_TEAM = RD5NB6MV2F;
				GENERATE_INFOPLIST_FILE = YES;
				IPHONEOS_DEPLOYMENT_TARGET = 18.5;
				MARKETING_VERSION = 1.0;
				PRODUCT_BUNDLE_IDENTIFIER = "xyz.starstalker.Getting-Started-with-XcodeTests";
				PRODUCT_NAME = "$(TARGET_NAME)";
				SWIFT_EMIT_LOC_STRINGS = NO;
				SWIFT_VERSION = 5.0;
				TARGETED_DEVICE_FAMILY = "1,2";
				TEST_HOST = "$(BUILT_PRODUCTS_DIR)/Getting Started with Xcode.app/$(BUNDLE_EXECUTABLE_FOLDER_PATH)/Getting Started with Xcode";
			};
			name = Debug;
		};
		FA5FE12E2E756609005A712A /* Release */ = {
			isa = XCBuildConfiguration;
			buildSettings = {
				BUNDLE_LOADER = "$(TEST_HOST)";
				CODE_SIGN_STYLE = Automatic;
				CURRENT_PROJECT_VERSION = 1;
				DEVELOPMENT_TEAM = RD5NB6MV2F;
				GENERATE_INFOPLIST_FILE = YES;
				IPHONEOS_DEPLOYMENT_TARGET = 18.5;
				MARKETING_VERSION = 1.0;
				PRODUCT_BUNDLE_IDENTIFIER = "xyz.starstalker.Getting-Started-with-XcodeTests";
				PRODUCT_NAME = "$(TARGET_NAME)";
				SWIFT_EMIT_LOC_STRINGS = NO;
				SWIFT_VERSION = 5.0;
				TARGETED_DEVICE_FAMILY = "1,2";
				TEST_HOST = "$(BUILT_PRODUCTS_DIR)/Getting Started with Xcode.app/$(BUNDLE_EXECUTABLE_FOLDER_PATH)/Getting Started with Xcode";
			};
			name = Release;
		};
		FA5FE1302E756609005A712A /* Debug */ = {
			isa = XCBuildConfiguration;
			buildSettings = {
				CODE_SIGN_STYLE = Automatic;
				CURRENT_PROJECT_VERSION = 1;
				DEVELOPMENT_TEAM = RD5NB6MV2F;
				GENERATE_INFOPLIST_FILE = YES;
				MARKETING_VERSION = 1.0;
				PRODUCT_BUNDLE_IDENTIFIER = "xyz.starstalker.Getting-Started-with-XcodeUITests";
				PRODUCT_NAME = "$(TARGET_NAME)";
				SWIFT_EMIT_LOC_STRINGS = NO;
				SWIFT_VERSION = 5.0;
				TARGETED_DEVICE_FAMILY = "1,2";
				TEST_TARGET_NAME = "Getting Started with Xcode";
			};
			name = Debug;
		};
		FA5FE1312E756609005A712A /* Release */ = {
			isa = XCBuildConfiguration;
			buildSettings = {
				CODE_SIGN_STYLE = Automatic;
				CURRENT_PROJECT_VERSION = 1;
				DEVELOPMENT_TEAM = RD5NB6MV2F;
				GENERATE_INFOPLIST_FILE = YES;
				MARKETING_VERSION = 1.0;
				PRODUCT_BUNDLE_IDENTIFIER = "xyz.starstalker.Getting-Started-with-XcodeUITests";
				PRODUCT_NAME = "$(TARGET_NAME)";
				SWIFT_EMIT_LOC_STRINGS = NO;
				SWIFT_VERSION = 5.0;
				TARGETED_DEVICE_FAMILY = "1,2";
				TEST_TARGET_NAME = "Getting Started with Xcode";
			};
			name = Release;
		};
/* End XCBuildConfiguration section */

/* Begin XCConfigurationList section */
		FA5FE0FE2E756608005A712A /* Build configuration list for PBXProject "Getting Started with Xcode" */ = {
			isa = XCConfigurationList;
			buildConfigurations = (
				FA5FE1272E756609005A712A /* Debug */,
				FA5FE1282E756609005A712A /* Release */,
			);
			defaultConfigurationIsVisible = 0;
			defaultConfigurationName = Release;
		};
		FA5FE1292E756609005A712A /* Build configuration list for PBXNativeTarget "Getting Started with Xcode" */ = {
			isa = XCConfigurationList;
			buildConfigurations = (
				FA5FE12A2E756609005A712A /* Debug */,
				FA5FE12B2E756609005A712A /* Release */,
			);
			defaultConfigurationIsVisible = 0;
			defaultConfigurationName = Release;
		};
		FA5FE12C2E756609005A712A /* Build configuration list for PBXNativeTarget "Getting Started with XcodeTests" */ = {
			isa = XCConfigurationList;
			buildConfigurations = (
				FA5FE12D2E756609005A712A /* Debug */,
				FA5FE12E2E756609005A712A /* Release */,
			);
			defaultConfigurationIsVisible = 0;
			defaultConfigurationName = Release;
		};
		FA5FE12F2E756609005A712A /* Build configuration list for PBXNativeTarget "Getting Started with XcodeUITests" */ = {
			isa = XCConfigurationList;
			buildConfigurations = (
				FA5FE1302E756609005A712A /* Debug */,
				FA5FE1312E756609005A712A /* Release */,
			);
			defaultConfigurationIsVisible = 0;
			defaultConfigurationName = Release;
		};
/* End XCConfigurationList section */
	};
	rootObject = FA5FE0FB2E756608005A712A /* Project object */;
}
