// !$*UTF8*$!
{
	archiveVersion = 1;
	classes = {
	};
	objectVersion = 77;
	objects = {

/* Begin PBXContainerItemProxy section */
		FA0AAF822E323652005245E9 /* PBXContainerItemProxy */ = {
			isa = PBXContainerItemProxy;
			containerPortal = FA0AAF6C2E323651005245E9 /* Project object */;
			proxyType = 1;
			remoteGlobalIDString = FA0AAF732E323651005245E9;
			remoteInfo = "Speeding Calculator";
		};
		FA0AAF8C2E323652005245E9 /* PBXContainerItemProxy */ = {
			isa = PBXContainerItemProxy;
			containerPortal = FA0AAF6C2E323651005245E9 /* Project object */;
			proxyType = 1;
			remoteGlobalIDString = FA0AAF732E323651005245E9;
			remoteInfo = "Speeding Calculator";
		};
/* End PBXContainerItemProxy section */

/* Begin PBXFileReference section */
		FA0AAF742E323651005245E9 /* Speeding Calculator.app */ = {isa = PBXFileReference; explicitFileType = wrapper.application; includeInIndex = 0; path = "Speeding Calculator.app"; sourceTree = BUILT_PRODUCTS_DIR; };
		FA0AAF812E323652005245E9 /* Speeding CalculatorTests.xctest */ = {isa = PBXFileReference; explicitFileType = wrapper.cfbundle; includeInIndex = 0; path = "Speeding CalculatorTests.xctest"; sourceTree = BUILT_PRODUCTS_DIR; };
		FA0AAF8B2E323652005245E9 /* Speeding CalculatorUITests.xctest */ = {isa = PBXFileReference; explicitFileType = wrapper.cfbundle; includeInIndex = 0; path = "Speeding CalculatorUITests.xctest"; sourceTree = BUILT_PRODUCTS_DIR; };
/* End PBXFileReference section */

/* Begin PBXFileSystemSynchronizedRootGroup section */
		FA0AAF762E323651005245E9 /* Speeding Calculator */ = {
			isa = PBXFileSystemSynchronizedRootGroup;
			path = "Speeding Calculator";
			sourceTree = "<group>";
		};
		FA0AAF842E323652005245E9 /* Speeding CalculatorTests */ = {
			isa = PBXFileSystemSynchronizedRootGroup;
			path = "Speeding CalculatorTests";
			sourceTree = "<group>";
		};
		FA0AAF8E2E323652005245E9 /* Speeding CalculatorUITests */ = {
			isa = PBXFileSystemSynchronizedRootGroup;
			path = "Speeding CalculatorUITests";
			sourceTree = "<group>";
		};
/* End PBXFileSystemSynchronizedRootGroup section */

/* Begin PBXFrameworksBuildPhase section */
		FA0AAF712E323651005245E9 /* Frameworks */ = {
			isa = PBXFrameworksBuildPhase;
			buildActionMask = 2147483647;
			files = (
			);
			runOnlyForDeploymentPostprocessing = 0;
		};
		FA0AAF7E2E323652005245E9 /* Frameworks */ = {
			isa = PBXFrameworksBuildPhase;
			buildActionMask = 2147483647;
			files = (
			);
			runOnlyForDeploymentPostprocessing = 0;
		};
		FA0AAF882E323652005245E9 /* Frameworks */ = {
			isa = PBXFrameworksBuildPhase;
			buildActionMask = 2147483647;
			files = (
			);
			runOnlyForDeploymentPostprocessing = 0;
		};
/* End PBXFrameworksBuildPhase section */

/* Begin PBXGroup section */
		FA0AAF6B2E323651005245E9 = {
			isa = PBXGroup;
			children = (
				FA0AAF762E323651005245E9 /* Speeding Calculator */,
				FA0AAF842E323652005245E9 /* Speeding CalculatorTests */,
				FA0AAF8E2E323652005245E9 /* Speeding CalculatorUITests */,
				FA0AAF752E323651005245E9 /* Products */,
			);
			sourceTree = "<group>";
		};
		FA0AAF752E323651005245E9 /* Products */ = {
			isa = PBXGroup;
			children = (
				FA0AAF742E323651005245E9 /* Speeding Calculator.app */,
				FA0AAF812E323652005245E9 /* Speeding CalculatorTests.xctest */,
				FA0AAF8B2E323652005245E9 /* Speeding CalculatorUITests.xctest */,
			);
			name = Products;
			sourceTree = "<group>";
		};
/* End PBXGroup section */

/* Begin PBXNativeTarget section */
		FA0AAF732E323651005245E9 /* Speeding Calculator */ = {
			isa = PBXNativeTarget;
			buildConfigurationList = FA0AAF952E323652005245E9 /* Build configuration list for PBXNativeTarget "Speeding Calculator" */;
			buildPhases = (
				FA0AAF702E323651005245E9 /* Sources */,
				FA0AAF712E323651005245E9 /* Frameworks */,
				FA0AAF722E323651005245E9 /* Resources */,
			);
			buildRules = (
			);
			dependencies = (
			);
			fileSystemSynchronizedGroups = (
				FA0AAF762E323651005245E9 /* Speeding Calculator */,
			);
			name = "Speeding Calculator";
			packageProductDependencies = (
			);
			productName = "Speeding Calculator";
			productReference = FA0AAF742E323651005245E9 /* Speeding Calculator.app */;
			productType = "com.apple.product-type.application";
		};
		FA0AAF802E323652005245E9 /* Speeding CalculatorTests */ = {
			isa = PBXNativeTarget;
			buildConfigurationList = FA0AAF982E323652005245E9 /* Build configuration list for PBXNativeTarget "Speeding CalculatorTests" */;
			buildPhases = (
				FA0AAF7D2E323652005245E9 /* Sources */,
				FA0AAF7E2E323652005245E9 /* Frameworks */,
				FA0AAF7F2E323652005245E9 /* Resources */,
			);
			buildRules = (
			);
			dependencies = (
				FA0AAF832E323652005245E9 /* PBXTargetDependency */,
			);
			fileSystemSynchronizedGroups = (
				FA0AAF842E323652005245E9 /* Speeding CalculatorTests */,
			);
			name = "Speeding CalculatorTests";
			packageProductDependencies = (
			);
			productName = "Speeding CalculatorTests";
			productReference = FA0AAF812E323652005245E9 /* Speeding CalculatorTests.xctest */;
			productType = "com.apple.product-type.bundle.unit-test";
		};
		FA0AAF8A2E323652005245E9 /* Speeding CalculatorUITests */ = {
			isa = PBXNativeTarget;
			buildConfigurationList = FA0AAF9B2E323652005245E9 /* Build configuration list for PBXNativeTarget "Speeding CalculatorUITests" */;
			buildPhases = (
				FA0AAF872E323652005245E9 /* Sources */,
				FA0AAF882E323652005245E9 /* Frameworks */,
				FA0AAF892E323652005245E9 /* Resources */,
			);
			buildRules = (
			);
			dependencies = (
				FA0AAF8D2E323652005245E9 /* PBXTargetDependency */,
			);
			fileSystemSynchronizedGroups = (
				FA0AAF8E2E323652005245E9 /* Speeding CalculatorUITests */,
			);
			name = "Speeding CalculatorUITests";
			packageProductDependencies = (
			);
			productName = "Speeding CalculatorUITests";
			productReference = FA0AAF8B2E323652005245E9 /* Speeding CalculatorUITests.xctest */;
			productType = "com.apple.product-type.bundle.ui-testing";
		};
/* End PBXNativeTarget section */

/* Begin PBXProject section */
		FA0AAF6C2E323651005245E9 /* Project object */ = {
			isa = PBXProject;
			attributes = {
				BuildIndependentTargetsInParallel = 1;
				LastSwiftUpdateCheck = 1640;
				LastUpgradeCheck = 1640;
				TargetAttributes = {
					FA0AAF732E323651005245E9 = {
						CreatedOnToolsVersion = 16.4;
					};
					FA0AAF802E323652005245E9 = {
						CreatedOnToolsVersion = 16.4;
						TestTargetID = FA0AAF732E323651005245E9;
					};
					FA0AAF8A2E323652005245E9 = {
						CreatedOnToolsVersion = 16.4;
						TestTargetID = FA0AAF732E323651005245E9;
					};
				};
			};
			buildConfigurationList = FA0AAF6F2E323651005245E9 /* Build configuration list for PBXProject "Speeding Calculator" */;
			developmentRegion = en;
			hasScannedForEncodings = 0;
			knownRegions = (
				en,
				Base,
			);
			mainGroup = FA0AAF6B2E323651005245E9;
			minimizedProjectReferenceProxies = 1;
			preferredProjectObjectVersion = 77;
			productRefGroup = FA0AAF752E323651005245E9 /* Products */;
			projectDirPath = "";
			projectRoot = "";
			targets = (
				FA0AAF732E323651005245E9 /* Speeding Calculator */,
				FA0AAF802E323652005245E9 /* Speeding CalculatorTests */,
				FA0AAF8A2E323652005245E9 /* Speeding CalculatorUITests */,
			);
		};
/* End PBXProject section */

/* Begin PBXResourcesBuildPhase section */
		FA0AAF722E323651005245E9 /* Resources */ = {
			isa = PBXResourcesBuildPhase;
			buildActionMask = 2147483647;
			files = (
			);
			runOnlyForDeploymentPostprocessing = 0;
		};
		FA0AAF7F2E323652005245E9 /* Resources */ = {
			isa = PBXResourcesBuildPhase;
			buildActionMask = 2147483647;
			files = (
			);
			runOnlyForDeploymentPostprocessing = 0;
		};
		FA0AAF892E323652005245E9 /* Resources */ = {
			isa = PBXResourcesBuildPhase;
			buildActionMask = 2147483647;
			files = (
			);
			runOnlyForDeploymentPostprocessing = 0;
		};
/* End PBXResourcesBuildPhase section */

/* Begin PBXSourcesBuildPhase section */
		FA0AAF702E323651005245E9 /* Sources */ = {
			isa = PBXSourcesBuildPhase;
			buildActionMask = 2147483647;
			files = (
			);
			runOnlyForDeploymentPostprocessing = 0;
		};
		FA0AAF7D2E323652005245E9 /* Sources */ = {
			isa = PBXSourcesBuildPhase;
			buildActionMask = 2147483647;
			files = (
			);
			runOnlyForDeploymentPostprocessing = 0;
		};
		FA0AAF872E323652005245E9 /* Sources */ = {
			isa = PBXSourcesBuildPhase;
			buildActionMask = 2147483647;
			files = (
			);
			runOnlyForDeploymentPostprocessing = 0;
		};
/* End PBXSourcesBuildPhase section */

/* Begin PBXTargetDependency section */
		FA0AAF832E323652005245E9 /* PBXTargetDependency */ = {
			isa = PBXTargetDependency;
			target = FA0AAF732E323651005245E9 /* Speeding Calculator */;
			targetProxy = FA0AAF822E323652005245E9 /* PBXContainerItemProxy */;
		};
		FA0AAF8D2E323652005245E9 /* PBXTargetDependency */ = {
			isa = PBXTargetDependency;
			target = FA0AAF732E323651005245E9 /* Speeding Calculator */;
			targetProxy = FA0AAF8C2E323652005245E9 /* PBXContainerItemProxy */;
		};
/* End PBXTargetDependency section */

/* Begin XCBuildConfiguration section */
		FA0AAF932E323652005245E9 /* Debug */ = {
			isa = XCBuildConfiguration;
			buildSettings = {
				ALWAYS_SEARCH_USER_PATHS = NO;
				ASSETCATALOG_COMPILER_GENERATE_SWIFT_ASSET_SYMBOL_EXTENSIONS = YES;
				CLANG_ANALYZER_NONNULL = YES;
				CLANG_ANALYZER_NUMBER_OBJECT_CONVERSION = YES_AGGRESSIVE;
				CLANG_CXX_LANGUAGE_STANDARD = "gnu++20";
				CLANG_ENABLE_MODULES = YES;
				CLANG_ENABLE_OBJC_ARC = YES;
				CLANG_ENABLE_OBJC_WEAK = YES;
				CLANG_WARN_BLOCK_CAPTURE_AUTORELEASING = YES;
				CLANG_WARN_BOOL_CONVERSION = YES;
				CLANG_WARN_COMMA = YES;
				CLANG_WARN_CONSTANT_CONVERSION = YES;
				CLANG_WARN_DEPRECATED_OBJC_IMPLEMENTATIONS = YES;
				CLANG_WARN_DIRECT_OBJC_ISA_USAGE = YES_ERROR;
				CLANG_WARN_DOCUMENTATION_COMMENTS = YES;
				CLANG_WARN_EMPTY_BODY = YES;
				CLANG_WARN_ENUM_CONVERSION = YES;
				CLANG_WARN_INFINITE_RECURSION = YES;
				CLANG_WARN_INT_CONVERSION = YES;
				CLANG_WARN_NON_LITERAL_NULL_CONVERSION = YES;
				CLANG_WARN_OBJC_IMPLICIT_RETAIN_SELF = YES;
				CLANG_WARN_OBJC_LITERAL_CONVERSION = YES;
				CLANG_WARN_OBJC_ROOT_CLASS = YES_ERROR;
				CLANG_WARN_QUOTED_INCLUDE_IN_FRAMEWORK_HEADER = YES;
				CLANG_WARN_RANGE_LOOP_ANALYSIS = YES;
				CLANG_WARN_STRICT_PROTOTYPES = YES;
				CLANG_WARN_SUSPICIOUS_MOVE = YES;
				CLANG_WARN_UNGUARDED_AVAILABILITY = YES_AGGRESSIVE;
				CLANG_WARN_UNREACHABLE_CODE = YES;
				CLANG_WARN__DUPLICATE_METHOD_MATCH = YES;
				COPY_PHASE_STRIP = NO;
				DEBUG_INFORMATION_FORMAT = dwarf;
				ENABLE_STRICT_OBJC_MSGSEND = YES;
				ENABLE_TESTABILITY = YES;
				ENABLE_USER_SCRIPT_SANDBOXING = YES;
				GCC_C_LANGUAGE_STANDARD = gnu17;
				GCC_DYNAMIC_NO_PIC = NO;
				GCC_NO_COMMON_BLOCKS = YES;
				GCC_OPTIMIZATION_LEVEL = 0;
				GCC_PREPROCESSOR_DEFINITIONS = (
					"DEBUG=1",
					"$(inherited)",
				);
				GCC_WARN_64_TO_32_BIT_CONVERSION = YES;
				GCC_WARN_ABOUT_RETURN_TYPE = YES_ERROR;
				GCC_WARN_UNDECLARED_SELECTOR = YES;
				GCC_WARN_UNINITIALIZED_AUTOS = YES_AGGRESSIVE;
				GCC_WARN_UNUSED_FUNCTION = YES;
				GCC_WARN_UNUSED_VARIABLE = YES;
				IPHONEOS_DEPLOYMENT_TARGET = 18.5;
				LOCALIZATION_PREFERS_STRING_CATALOGS = YES;
				MTL_ENABLE_DEBUG_INFO = INCLUDE_SOURCE;
				MTL_FAST_MATH = YES;
				ONLY_ACTIVE_ARCH = YES;
				SDKROOT = iphoneos;
				SWIFT_ACTIVE_COMPILATION_CONDITIONS = "DEBUG $(inherited)";
				SWIFT_OPTIMIZATION_LEVEL = "-Onone";
			};
			name = Debug;
		};
		FA0AAF942E323652005245E9 /* Release */ = {
			isa = XCBuildConfiguration;
			buildSettings = {
				ALWAYS_SEARCH_USER_PATHS = NO;
				ASSETCATALOG_COMPILER_GENERATE_SWIFT_ASSET_SYMBOL_EXTENSIONS = YES;
				CLANG_ANALYZER_NONNULL = YES;
				CLANG_ANALYZER_NUMBER_OBJECT_CONVERSION = YES_AGGRESSIVE;
				CLANG_CXX_LANGUAGE_STANDARD = "gnu++20";
				CLANG_ENABLE_MODULES = YES;
				CLANG_ENABLE_OBJC_ARC = YES;
				CLANG_ENABLE_OBJC_WEAK = YES;
				CLANG_WARN_BLOCK_CAPTURE_AUTORELEASING = YES;
				CLANG_WARN_BOOL_CONVERSION = YES;
				CLANG_WARN_COMMA = YES;
				CLANG_WARN_CONSTANT_CONVERSION = YES;
				CLANG_WARN_DEPRECATED_OBJC_IMPLEMENTATIONS = YES;
				CLANG_WARN_DIRECT_OBJC_ISA_USAGE = YES_ERROR;
				CLANG_WARN_DOCUMENTATION_COMMENTS = YES;
				CLANG_WARN_EMPTY_BODY = YES;
				CLANG_WARN_ENUM_CONVERSION = YES;
				CLANG_WARN_INFINITE_RECURSION = YES;
				CLANG_WARN_INT_CONVERSION = YES;
				CLANG_WARN_NON_LITERAL_NULL_CONVERSION = YES;
				CLANG_WARN_OBJC_IMPLICIT_RETAIN_SELF = YES;
				CLANG_WARN_OBJC_LITERAL_CONVERSION = YES;
				CLANG_WARN_OBJC_ROOT_CLASS = YES_ERROR;
				CLANG_WARN_QUOTED_INCLUDE_IN_FRAMEWORK_HEADER = YES;
				CLANG_WARN_RANGE_LOOP_ANALYSIS = YES;
				CLANG_WARN_STRICT_PROTOTYPES = YES;
				CLANG_WARN_SUSPICIOUS_MOVE = YES;
				CLANG_WARN_UNGUARDED_AVAILABILITY = YES_AGGRESSIVE;
				CLANG_WARN_UNREACHABLE_CODE = YES;
				CLANG_WARN__DUPLICATE_METHOD_MATCH = YES;
				COPY_PHASE_STRIP = NO;
				DEBUG_INFORMATION_FORMAT = "dwarf-with-dsym";
				ENABLE_NS_ASSERTIONS = NO;
				ENABLE_STRICT_OBJC_MSGSEND = YES;
				ENABLE_USER_SCRIPT_SANDBOXING = YES;
				GCC_C_LANGUAGE_STANDARD = gnu17;
				GCC_NO_COMMON_BLOCKS = YES;
				GCC_WARN_64_TO_32_BIT_CONVERSION = YES;
				GCC_WARN_ABOUT_RETURN_TYPE = YES_ERROR;
				GCC_WARN_UNDECLARED_SELECTOR = YES;
				GCC_WARN_UNINITIALIZED_AUTOS = YES_AGGRESSIVE;
				GCC_WARN_UNUSED_FUNCTION = YES;
				GCC_WARN_UNUSED_VARIABLE = YES;
				IPHONEOS_DEPLOYMENT_TARGET = 18.5;
				LOCALIZATION_PREFERS_STRING_CATALOGS = YES;
				MTL_ENABLE_DEBUG_INFO = NO;
				MTL_FAST_MATH = YES;
				SDKROOT = iphoneos;
				SWIFT_COMPILATION_MODE = wholemodule;
				VALIDATE_PRODUCT = YES;
			};
			name = Release;
		};
		FA0AAF962E323652005245E9 /* Debug */ = {
			isa = XCBuildConfiguration;
			buildSettings = {
				ASSETCATALOG_COMPILER_APPICON_NAME = AppIcon;
				ASSETCATALOG_COMPILER_GLOBAL_ACCENT_COLOR_NAME = AccentColor;
				CODE_SIGN_STYLE = Automatic;
				CURRENT_PROJECT_VERSION = 1;
				ENABLE_PREVIEWS = YES;
				GENERATE_INFOPLIST_FILE = YES;
				INFOPLIST_KEY_UIApplicationSceneManifest_Generation = YES;
				INFOPLIST_KEY_UIApplicationSupportsIndirectInputEvents = YES;
				INFOPLIST_KEY_UILaunchScreen_Generation = YES;
				INFOPLIST_KEY_UISupportedInterfaceOrientations_iPad = "UIInterfaceOrientationPortrait UIInterfaceOrientationPortraitUpsideDown UIInterfaceOrientationLandscapeLeft UIInterfaceOrientationLandscapeRight";
				INFOPLIST_KEY_UISupportedInterfaceOrientations_iPhone = "UIInterfaceOrientationPortrait UIInterfaceOrientationLandscapeLeft UIInterfaceOrientationLandscapeRight";
				LD_RUNPATH_SEARCH_PATHS = (
					"$(inherited)",
					"@executable_path/Frameworks",
				);
				MARKETING_VERSION = 1.0;
				PRODUCT_BUNDLE_IDENTIFIER = "xyz.starstalker.Speeding-Calculator";
				PRODUCT_NAME = "$(TARGET_NAME)";
				SWIFT_EMIT_LOC_STRINGS = YES;
				SWIFT_VERSION = 5.0;
				TARGETED_DEVICE_FAMILY = "1,2";
			};
			name = Debug;
		};
		FA0AAF972E323652005245E9 /* Release */ = {
			isa = XCBuildConfiguration;
			buildSettings = {
				ASSETCATALOG_COMPILER_APPICON_NAME = AppIcon;
				ASSETCATALOG_COMPILER_GLOBAL_ACCENT_COLOR_NAME = AccentColor;
				CODE_SIGN_STYLE = Automatic;
				CURRENT_PROJECT_VERSION = 1;
				ENABLE_PREVIEWS = YES;
				GENERATE_INFOPLIST_FILE = YES;
				INFOPLIST_KEY_UIApplicationSceneManifest_Generation = YES;
				INFOPLIST_KEY_UIApplicationSupportsIndirectInputEvents = YES;
				INFOPLIST_KEY_UILaunchScreen_Generation = YES;
				INFOPLIST_KEY_UISupportedInterfaceOrientations_iPad = "UIInterfaceOrientationPortrait UIInterfaceOrientationPortraitUpsideDown UIInterfaceOrientationLandscapeLeft UIInterfaceOrientationLandscapeRight";
				INFOPLIST_KEY_UISupportedInterfaceOrientations_iPhone = "UIInterfaceOrientationPortrait UIInterfaceOrientationLandscapeLeft UIInterfaceOrientationLandscapeRight";
				LD_RUNPATH_SEARCH_PATHS = (
					"$(inherited)",
					"@executable_path/Frameworks",
				);
				MARKETING_VERSION = 1.0;
				PRODUCT_BUNDLE_IDENTIFIER = "xyz.starstalker.Speeding-Calculator";
				PRODUCT_NAME = "$(TARGET_NAME)";
				SWIFT_EMIT_LOC_STRINGS = YES;
				SWIFT_VERSION = 5.0;
				TARGETED_DEVICE_FAMILY = "1,2";
			};
			name = Release;
		};
		FA0AAF992E323652005245E9 /* Debug */ = {
			isa = XCBuildConfiguration;
			buildSettings = {
				BUNDLE_LOADER = "$(TEST_HOST)";
				CODE_SIGN_STYLE = Automatic;
				CURRENT_PROJECT_VERSION = 1;
				GENERATE_INFOPLIST_FILE = YES;
				IPHONEOS_DEPLOYMENT_TARGET = 18.5;
				MARKETING_VERSION = 1.0;
				PRODUCT_BUNDLE_IDENTIFIER = "xyz.starstalker.Speeding-CalculatorTests";
				PRODUCT_NAME = "$(TARGET_NAME)";
				SWIFT_EMIT_LOC_STRINGS = NO;
				SWIFT_VERSION = 5.0;
				TARGETED_DEVICE_FAMILY = "1,2";
				TEST_HOST = "$(BUILT_PRODUCTS_DIR)/Speeding Calculator.app/$(BUNDLE_EXECUTABLE_FOLDER_PATH)/Speeding Calculator";
			};
			name = Debug;
		};
		FA0AAF9A2E323652005245E9 /* Release */ = {
			isa = XCBuildConfiguration;
			buildSettings = {
				BUNDLE_LOADER = "$(TEST_HOST)";
				CODE_SIGN_STYLE = Automatic;
				CURRENT_PROJECT_VERSION = 1;
				GENERATE_INFOPLIST_FILE = YES;
				IPHONEOS_DEPLOYMENT_TARGET = 18.5;
				MARKETING_VERSION = 1.0;
				PRODUCT_BUNDLE_IDENTIFIER = "xyz.starstalker.Speeding-CalculatorTests";
				PRODUCT_NAME = "$(TARGET_NAME)";
				SWIFT_EMIT_LOC_STRINGS = NO;
				SWIFT_VERSION = 5.0;
				TARGETED_DEVICE_FAMILY = "1,2";
				TEST_HOST = "$(BUILT_PRODUCTS_DIR)/Speeding Calculator.app/$(BUNDLE_EXECUTABLE_FOLDER_PATH)/Speeding Calculator";
			};
			name = Release;
		};
		FA0AAF9C2E323652005245E9 /* Debug */ = {
			isa = XCBuildConfiguration;
			buildSettings = {
				CODE_SIGN_STYLE = Automatic;
				CURRENT_PROJECT_VERSION = 1;
				GENERATE_INFOPLIST_FILE = YES;
				MARKETING_VERSION = 1.0;
				PRODUCT_BUNDLE_IDENTIFIER = "xyz.starstalker.Speeding-CalculatorUITests";
				PRODUCT_NAME = "$(TARGET_NAME)";
				SWIFT_EMIT_LOC_STRINGS = NO;
				SWIFT_VERSION = 5.0;
				TARGETED_DEVICE_FAMILY = "1,2";
				TEST_TARGET_NAME = "Speeding Calculator";
			};
			name = Debug;
		};
		FA0AAF9D2E323652005245E9 /* Release */ = {
			isa = XCBuildConfiguration;
			buildSettings = {
				CODE_SIGN_STYLE = Automatic;
				CURRENT_PROJECT_VERSION = 1;
				GENERATE_INFOPLIST_FILE = YES;
				MARKETING_VERSION = 1.0;
				PRODUCT_BUNDLE_IDENTIFIER = "xyz.starstalker.Speeding-CalculatorUITests";
				PRODUCT_NAME = "$(TARGET_NAME)";
				SWIFT_EMIT_LOC_STRINGS = NO;
				SWIFT_VERSION = 5.0;
				TARGETED_DEVICE_FAMILY = "1,2";
				TEST_TARGET_NAME = "Speeding Calculator";
			};
			name = Release;
		};
/* End XCBuildConfiguration section */

/* Begin XCConfigurationList section */
		FA0AAF6F2E323651005245E9 /* Build configuration list for PBXProject "Speeding Calculator" */ = {
			isa = XCConfigurationList;
			buildConfigurations = (
				FA0AAF932E323652005245E9 /* Debug */,
				FA0AAF942E323652005245E9 /* Release */,
			);
			defaultConfigurationIsVisible = 0;
			defaultConfigurationName = Release;
		};
		FA0AAF952E323652005245E9 /* Build configuration list for PBXNativeTarget "Speeding Calculator" */ = {
			isa = XCConfigurationList;
			buildConfigurations = (
				FA0AAF962E323652005245E9 /* Debug */,
				FA0AAF972E323652005245E9 /* Release */,
			);
			defaultConfigurationIsVisible = 0;
			defaultConfigurationName = Release;
		};
		FA0AAF982E323652005245E9 /* Build configuration list for PBXNativeTarget "Speeding CalculatorTests" */ = {
			isa = XCConfigurationList;
			buildConfigurations = (
				FA0AAF992E323652005245E9 /* Debug */,
				FA0AAF9A2E323652005245E9 /* Release */,
			);
			defaultConfigurationIsVisible = 0;
			defaultConfigurationName = Release;
		};
		FA0AAF9B2E323652005245E9 /* Build configuration list for PBXNativeTarget "Speeding CalculatorUITests" */ = {
			isa = XCConfigurationList;
			buildConfigurations = (
				FA0AAF9C2E323652005245E9 /* Debug */,
				FA0AAF9D2E323652005245E9 /* Release */,
			);
			defaultConfigurationIsVisible = 0;
			defaultConfigurationName = Release;
		};
/* End XCConfigurationList section */
	};
	rootObject = FA0AAF6C2E323651005245E9 /* Project object */;
}
